
Microsoft Visual Studio Solution File, Format Version 12.00
# Visual Studio Version 16
VisualStudioVersion = 16.0.30611.23
MinimumVisualStudioVersion = 10.0.40219.1
Project("{FAE04EC0-301F-11D3-BF4B-00C04F79EFBC}") = "Day03LineComparision", "Day03LineComparision\Day03LineComparision.csproj", "{15E639FD-50DF-4E33-8FF7-96761742FC69}"
EndProject
Global
	GlobalSection(SolutionConfigurationPlatforms) = preSolution
		Debug|Any CPU = Debug|Any CPU
		Release|Any CPU = Release|Any CPU
	EndGlobalSection
	GlobalSection(ProjectConfigurationPlatforms) = postSolution
		{15E639FD-50DF-4E33-8FF7-96761742FC69}.Debug|Any CPU.ActiveCfg = Debug|Any CPU
		{15E639FD-50DF-4E33-8FF7-96761742FC69}.Debug|Any CPU.Build.0 = Debug|Any CPU
		{15E639FD-50DF-4E33-8FF7-96761742FC69}.Release|Any CPU.ActiveCfg = Release|Any CPU
		{15E639FD-50DF-4E33-8FF7-96761742FC69}.Release|Any CPU.Build.0 = Release|Any CPU
	EndGlobalSection
	GlobalSection(SolutionProperties) = preSolution
		HideSolutionNode = FALSE
	EndGlobalSection
	GlobalSection(ExtensibilityGlobals) = postSolution
		SolutionGuid = {CC1851B0-3499-4F0E-A017-07C0C1FE7B1A}
	EndGlobalSection
EndGlobal
